
Microsoft Visual Studio Solution File, Format Version 11.00
# Visual Studio 2010
Project("{FAE04EC0-301F-11D3-BF4B-00C04F79EFBC}") = "CuraDocs", "CuraDocs\CuraDocs.csproj", "{4A08330D-A052-4E0A-B701-706DC4229337}"
EndProject
Project("{FAE04EC0-301F-11D3-BF4B-00C04F79EFBC}") = "CapaDatos", "CapaDatos\CapaDatos.csproj", "{D08CD8AB-E424-438C-A260-1E8E016028FA}"
EndProject
Project("{FAE04EC0-301F-11D3-BF4B-00C04F79EFBC}") = "CapaNegocio", "CapaNegocio\CapaNegocio.csproj", "{81EF3364-F89A-4CE2-86E6-702AF69BB849}"
EndProject
Global
	GlobalSection(SolutionConfigurationPlatforms) = preSolution
		Debug|Any CPU = Debug|Any CPU
		Debug|Mixed Platforms = Debug|Mixed Platforms
		Debug|x86 = Debug|x86
		Release|Any CPU = Release|Any CPU
		Release|Mixed Platforms = Release|Mixed Platforms
		Release|x86 = Release|x86
	EndGlobalSection
	GlobalSection(ProjectConfigurationPlatforms) = postSolution
		{4A08330D-A052-4E0A-B701-706DC4229337}.Debug|Any CPU.ActiveCfg = Debug|x86
		{4A08330D-A052-4E0A-B701-706DC4229337}.Debug|Mixed Platforms.ActiveCfg = Debug|x86
		{4A08330D-A052-4E0A-B701-706DC4229337}.Debug|Mixed Platforms.Build.0 = Debug|x86
		{4A08330D-A052-4E0A-B701-706DC4229337}.Debug|x86.ActiveCfg = Debug|x86
		{4A08330D-A052-4E0A-B701-706DC4229337}.Debug|x86.Build.0 = Debug|x86
		{4A08330D-A052-4E0A-B701-706DC4229337}.Release|Any CPU.ActiveCfg = Release|x86
		{4A08330D-A052-4E0A-B701-706DC4229337}.Release|Mixed Platforms.ActiveCfg = Release|x86
		{4A08330D-A052-4E0A-B701-706DC4229337}.Release|Mixed Platforms.Build.0 = Release|x86
		{4A08330D-A052-4E0A-B701-706DC4229337}.Release|x86.ActiveCfg = Release|x86
		{4A08330D-A052-4E0A-B701-706DC4229337}.Release|x86.Build.0 = Release|x86
		{D08CD8AB-E424-438C-A260-1E8E016028FA}.Debug|Any CPU.ActiveCfg = Debug|Any CPU
		{D08CD8AB-E424-438C-A260-1E8E016028FA}.Debug|Any CPU.Build.0 = Debug|Any CPU
		{D08CD8AB-E424-438C-A260-1E8E016028FA}.Debug|Mixed Platforms.ActiveCfg = Debug|Any CPU
		{D08CD8AB-E424-438C-A260-1E8E016028FA}.Debug|Mixed Platforms.Build.0 = Debug|Any CPU
		{D08CD8AB-E424-438C-A260-1E8E016028FA}.Debug|x86.ActiveCfg = Debug|Any CPU
		{D08CD8AB-E424-438C-A260-1E8E016028FA}.Release|Any CPU.ActiveCfg = Release|Any CPU
		{D08CD8AB-E424-438C-A260-1E8E016028FA}.Release|Any CPU.Build.0 = Release|Any CPU
		{D08CD8AB-E424-438C-A260-1E8E016028FA}.Release|Mixed Platforms.ActiveCfg = Release|Any CPU
		{D08CD8AB-E424-438C-A260-1E8E016028FA}.Release|Mixed Platforms.Build.0 = Release|Any CPU
		{D08CD8AB-E424-438C-A260-1E8E016028FA}.Release|x86.ActiveCfg = Release|Any CPU
		{81EF3364-F89A-4CE2-86E6-702AF69BB849}.Debug|Any CPU.ActiveCfg = Debug|Any CPU
		{81EF3364-F89A-4CE2-86E6-702AF69BB849}.Debug|Any CPU.Build.0 = Debug|Any CPU
		{81EF3364-F89A-4CE2-86E6-702AF69BB849}.Debug|Mixed Platforms.ActiveCfg = Debug|Any CPU
		{81EF3364-F89A-4CE2-86E6-702AF69BB849}.Debug|Mixed Platforms.Build.0 = Debug|Any CPU
		{81EF3364-F89A-4CE2-86E6-702AF69BB849}.Debug|x86.ActiveCfg = Debug|Any CPU
		{81EF3364-F89A-4CE2-86E6-702AF69BB849}.Release|Any CPU.ActiveCfg = Release|Any CPU
		{81EF3364-F89A-4CE2-86E6-702AF69BB849}.Release|Any CPU.Build.0 = Release|Any CPU
		{81EF3364-F89A-4CE2-86E6-702AF69BB849}.Release|Mixed Platforms.ActiveCfg = Release|Any CPU
		{81EF3364-F89A-4CE2-86E6-702AF69BB849}.Release|Mixed Platforms.Build.0 = Release|Any CPU
		{81EF3364-F89A-4CE2-86E6-702AF69BB849}.Release|x86.ActiveCfg = Release|Any CPU
	EndGlobalSection
	GlobalSection(SolutionProperties) = preSolution
		HideSolutionNode = FALSE
	EndGlobalSection
EndGlobal
